
Microsoft Visual Studio Solution File, Format Version 12.00
# Visual Studio Version 16
VisualStudioVersion = 16.0.30517.126
MinimumVisualStudioVersion = 10.0.40219.1
Project("{9A19103F-16F7-4668-BE54-9A1E7A4F7556}") = "LinkedListDataStructureProgram", "LinkedListDataStructureProgram.csproj", "{3D4D1D75-AC36-4F97-A3B3-3B7CE36EA272}"
EndProject
Project("{FAE04EC0-301F-11D3-BF4B-00C04F79EFBC}") = "LinkedListUnitTest", "..\LinkedListUnitTest\LinkedListUnitTest.csproj", "{F8B8439C-DF89-4389-AE0D-0A735A7676F2}"
EndProject
Global
	GlobalSection(SolutionConfigurationPlatforms) = preSolution
		Debug|Any CPU = Debug|Any CPU
		Release|Any CPU = Release|Any CPU
	EndGlobalSection
	GlobalSection(ProjectConfigurationPlatforms) = postSolution
		{3D4D1D75-AC36-4F97-A3B3-3B7CE36EA272}.Debug|Any CPU.ActiveCfg = Debug|Any CPU
		{3D4D1D75-AC36-4F97-A3B3-3B7CE36EA272}.Debug|Any CPU.Build.0 = Debug|Any CPU
		{3D4D1D75-AC36-4F97-A3B3-3B7CE36EA272}.Release|Any CPU.ActiveCfg = Release|Any CPU
		{3D4D1D75-AC36-4F97-A3B3-3B7CE36EA272}.Release|Any CPU.Build.0 = Release|Any CPU
		{F8B8439C-DF89-4389-AE0D-0A735A7676F2}.Debug|Any CPU.ActiveCfg = Debug|Any CPU
		{F8B8439C-DF89-4389-AE0D-0A735A7676F2}.Debug|Any CPU.Build.0 = Debug|Any CPU
		{F8B8439C-DF89-4389-AE0D-0A735A7676F2}.Release|Any CPU.ActiveCfg = Release|Any CPU
		{F8B8439C-DF89-4389-AE0D-0A735A7676F2}.Release|Any CPU.Build.0 = Release|Any CPU
	EndGlobalSection
	GlobalSection(SolutionProperties) = preSolution
		HideSolutionNode = FALSE
	EndGlobalSection
	GlobalSection(ExtensibilityGlobals) = postSolution
		SolutionGuid = {42DEF88E-C4C9-4FD6-A750-18A46340F70A}
	EndGlobalSection
EndGlobal
